
Microsoft Visual Studio Solution File, Format Version 12.00
# Visual Studio Version 17
VisualStudioVersion = 17.5.33530.505
MinimumVisualStudioVersion = 10.0.40219.1
Project("{FAE04EC0-301F-11D3-BF4B-00C04F79EFBC}") = "VaksinTracking_05", "VaksinTracking_05\VaksinTracking_05.csproj", "{BCF05E33-61AE-4E2C-BB34-81BE4D68D349}"
EndProject
Global
	GlobalSection(SolutionConfigurationPlatforms) = preSolution
		Debug|Any CPU = Debug|Any CPU
		Release|Any CPU = Release|Any CPU
	EndGlobalSection
	GlobalSection(ProjectConfigurationPlatforms) = postSolution
		{BCF05E33-61AE-4E2C-BB34-81BE4D68D349}.Debug|Any CPU.ActiveCfg = Debug|Any CPU
		{BCF05E33-61AE-4E2C-BB34-81BE4D68D349}.Debug|Any CPU.Build.0 = Debug|Any CPU
		{BCF05E33-61AE-4E2C-BB34-81BE4D68D349}.Release|Any CPU.ActiveCfg = Release|Any CPU
		{BCF05E33-61AE-4E2C-BB34-81BE4D68D349}.Release|Any CPU.Build.0 = Release|Any CPU
	EndGlobalSection
	GlobalSection(SolutionProperties) = preSolution
		HideSolutionNode = FALSE
	EndGlobalSection
	GlobalSection(ExtensibilityGlobals) = postSolution
		SolutionGuid = {AB90DA92-FFD9-42D4-84E4-2D0148416FCD}
	EndGlobalSection
EndGlobal
